" Generated by vim-plug
" Tue Apr 13 22:15:58 2021
" :source this file in vim to restore the snapshot
" or execute: vim -S snapshot.vim

silent! let g:plugs['Dockerfile.vim'].commit = '2386923a8c30d0c4f06f27eef2a025752423ea86'
silent! let g:plugs['HTML5-Syntax-File'].commit = '914959a21a8cd514b9ad7ca91c73230f9e070538'
silent! let g:plugs['The-NERD-tree'].commit = 'e5d1943ecacaa62f2666c067b14e5777f8e5b0f3'
silent! let g:plugs['ale'].commit = '1cd0c0c33b211b5fface9b29f9c58bc6ae09323e'
silent! let g:plugs['base16-vim'].commit = '6191622d5806d4448fa2285047936bdcee57a098'
silent! let g:plugs['css3-syntax-plus'].commit = '5edf6abc6a7cacdf565eb6df6878df16cfd01564'
silent! let g:plugs['ctrlsf.vim'].commit = 'c90632e6a27bfd525a2a4c6e108981d4558202c0'
silent! let g:plugs['dbext.vim'].commit = '14f3d530b6189dc3f97edfa70b7a36006e21148c'
silent! let g:plugs['fzf'].commit = 'c7c5e7670a9bccf5c7ba2b8dd3fa73135be2b734'
silent! let g:plugs['fzf.vim'].commit = 'caf7754b2636eabdf1bc11d30daccc5de66951ef'
silent! let g:plugs['html5.vim'].commit = '7c9f6f38ce4f9d35db7eeedb764035b6b63922c6'
silent! let g:plugs['matchit.zip'].commit = 'ced6c409c9beeb0b4142d21906606bd194411d1d'
silent! let g:plugs['scss-syntax.vim'].commit = 'bda22a93d1dcfcb8ee13be1988560d9bb5bd0fef'
silent! let g:plugs['sql-heredoc.vim'].commit = '43c8149b14b169890b198db6fcdf9e7d575aac5b'
silent! let g:plugs['supertab'].commit = 'd80e8e2c1fa08607fa34c0ca5f1b66d8a906c5ef'
silent! let g:plugs['surround.vim'].commit = '324a8735bb82193a1a413e207dc1aaf60f3a1d82'
silent! let g:plugs['tComment'].commit = 'e9ee1caada3338387ed4702db463323cfee8e925'
silent! let g:plugs['tabular'].commit = '339091ac4dd1f17e225fe7d57b48aff55f99b23a'
silent! let g:plugs['taglist.vim'].commit = '53041fbc45398a9af631a20657e109707a455339'
silent! let g:plugs['tlib_vim'].commit = 'a071b6d41b20069a3520e0d101194a752968973b'
silent! let g:plugs['vim-abolish'].commit = '3f0c8faadf0c5b68bcf40785c1c42e3731bfa522'
silent! let g:plugs['vim-addon-mw-utils'].commit = '6aaf4fee472db7cbec6d2c8eea69fdf3a8f8a75d'
silent! let g:plugs['vim-airline'].commit = 'ed60e1d36912f64fdbed5640532b1067e11557ca'
silent! let g:plugs['vim-airline-themes'].commit = 'fa808d74e0aacf131337b58f01ee45fd3d3588af'
silent! let g:plugs['vim-argwrap'].commit = 'f3d122d9b167ea9489aad8d99c278fe4f3f4e951'
silent! let g:plugs['vim-cucumber'].commit = '178d6a8b5545dfff28aeb051bbef471839c0e106'
silent! let g:plugs['vim-easymotion'].commit = 'd75d9591e415652b25d9e0a3669355550325263d'
silent! let g:plugs['vim-elixir'].commit = '5a1811c3c70adeee42d9dc5faae1cba1d57461f9'
silent! let g:plugs['vim-endwise'].commit = '4289889a2622f9bc7c594a6dd79763781f63dfb5'
silent! let g:plugs['vim-indent-guides'].commit = '54d889a63716ee2f1818aa2ec5082db47147147b'
silent! let g:plugs['vim-jade'].commit = 'ea39cd942cf3194230cf72bfb838901a5344d3b3'
silent! let g:plugs['vim-javascript'].commit = '585ad542834fd3d9e47e0ef59abafd69c696c80d'
silent! let g:plugs['vim-jsx-pretty'].commit = '6989f1663cc03d7da72b5ef1c03f87e6ddb70b41'
silent! let g:plugs['vim-less'].commit = '6e818d5614d5fc18d95a48c92b89e6db39f9e3d6'
silent! let g:plugs['vim-multiple-cursors'].commit = '6456718e1d30b42c04b920c5413ca44f68f08759'
silent! let g:plugs['vim-rails'].commit = '9c3c831a089c7b4dcc4ebd8b8c73f366f754c976'
silent! let g:plugs['vim-searchhi'].commit = 'fba3e19ee3d64d083e7452ce94cd8c718473f7b5'
silent! let g:plugs['vim-snipmate'].commit = 'cbec960ab558b20281c0634b9b1a45fb16aaf638'
silent! let g:plugs['vim-snippets'].commit = '10b22c8f5bedceea8246d65c4c8f158b4bf484a4'
silent! let g:plugs['vim-sparkup'].commit = '62830e8990b21280a5cc244568065abb085fe395'
silent! let g:plugs['vim-stylus'].commit = '0514757a4795843978517ee73d7fa7d8bf2e5545'
silent! let g:plugs['vim-test'].commit = '206eb5492b4afa03c31cea529aa917b4a7085d10'
silent! let g:plugs['vim-textobj-rubyblock'].commit = '2b882e2cc2599078f75e6e88cd268192bf7b27bf'
silent! let g:plugs['vim-textobj-user'].commit = '41a675ddbeefd6a93664a4dc52f302fe3086a933'
silent! let g:plugs['vim-tmux-focus-events'].commit = '26237f9284c3853084fbf9e8303efb8fb62e0aa9'
silent! let g:plugs['vim-trailing-whitespace'].commit = '05f068ebd9dbdf71d2d334d02abd99deb0311c40'
silent! let g:plugs['xmledit'].commit = '5cd9e3930b5a3b2c6e831e1553b1a2c0941c60fd'

PlugUpdate!

